
Microsoft Visual Studio Solution File, Format Version 12.00
# Visual Studio Version 17
VisualStudioVersion = 17.3.32922.545
MinimumVisualStudioVersion = 10.0.40219.1
Project("{FAE04EC0-301F-11D3-BF4B-00C04F79EFBC}") = "Server", "Server\Server.csproj", "{6889B2AD-0D71-4620-843B-B8C7850109EF}"
EndProject
Project("{FAE04EC0-301F-11D3-BF4B-00C04F79EFBC}") = "ServerCore", "ServerCore\ServerCore.csproj", "{79B7BBC5-1A44-42B8-A7A2-AEA61CFD35C7}"
EndProject
Project("{FAE04EC0-301F-11D3-BF4B-00C04F79EFBC}") = "DummyClient", "DummyClient\DummyClient.csproj", "{241B37E7-3B25-4AF4-9636-3FFB0391F045}"
EndProject
Global
	GlobalSection(SolutionConfigurationPlatforms) = preSolution
		Debug|Any CPU = Debug|Any CPU
		Release|Any CPU = Release|Any CPU
	EndGlobalSection
	GlobalSection(ProjectConfigurationPlatforms) = postSolution
		{6889B2AD-0D71-4620-843B-B8C7850109EF}.Debug|Any CPU.ActiveCfg = Debug|Any CPU
		{6889B2AD-0D71-4620-843B-B8C7850109EF}.Debug|Any CPU.Build.0 = Debug|Any CPU
		{6889B2AD-0D71-4620-843B-B8C7850109EF}.Release|Any CPU.ActiveCfg = Release|Any CPU
		{6889B2AD-0D71-4620-843B-B8C7850109EF}.Release|Any CPU.Build.0 = Release|Any CPU
		{79B7BBC5-1A44-42B8-A7A2-AEA61CFD35C7}.Debug|Any CPU.ActiveCfg = Debug|Any CPU
		{79B7BBC5-1A44-42B8-A7A2-AEA61CFD35C7}.Debug|Any CPU.Build.0 = Debug|Any CPU
		{79B7BBC5-1A44-42B8-A7A2-AEA61CFD35C7}.Release|Any CPU.ActiveCfg = Release|Any CPU
		{79B7BBC5-1A44-42B8-A7A2-AEA61CFD35C7}.Release|Any CPU.Build.0 = Release|Any CPU
		{241B37E7-3B25-4AF4-9636-3FFB0391F045}.Debug|Any CPU.ActiveCfg = Debug|Any CPU
		{241B37E7-3B25-4AF4-9636-3FFB0391F045}.Debug|Any CPU.Build.0 = Debug|Any CPU
		{241B37E7-3B25-4AF4-9636-3FFB0391F045}.Release|Any CPU.ActiveCfg = Release|Any CPU
		{241B37E7-3B25-4AF4-9636-3FFB0391F045}.Release|Any CPU.Build.0 = Release|Any CPU
	EndGlobalSection
	GlobalSection(SolutionProperties) = preSolution
		HideSolutionNode = FALSE
	EndGlobalSection
	GlobalSection(ExtensibilityGlobals) = postSolution
		SolutionGuid = {FF71467F-C5C8-4B11-B993-A26929434DEA}
	EndGlobalSection
EndGlobal
